
Microsoft Visual Studio Solution File, Format Version 12.00
# Visual Studio Version 17
VisualStudioVersion = 17.3.32929.385
MinimumVisualStudioVersion = 10.0.40219.1
Project("{9A19103F-16F7-4668-BE54-9A1E7A4F7556}") = "HMS.WebApi", "HMS.WebApi\HMS.WebApi.csproj", "{F4048D06-B68D-4E9A-86CB-A82CCEF97EBE}"
EndProject
Project("{9A19103F-16F7-4668-BE54-9A1E7A4F7556}") = "HMS.Entities", "HMS.Entities\HMS.Entities.csproj", "{65F32562-E0B5-4D10-8F5E-D190F713BE19}"
EndProject
Project("{FAE04EC0-301F-11D3-BF4B-00C04F79EFBC}") = "HMS.Database", "HMS.Database\HMS.Database.csproj", "{A1258F78-4417-4A45-BDCF-32990FFE0411}"
EndProject
Global
	GlobalSection(SolutionConfigurationPlatforms) = preSolution
		Debug|Any CPU = Debug|Any CPU
		Release|Any CPU = Release|Any CPU
	EndGlobalSection
	GlobalSection(ProjectConfigurationPlatforms) = postSolution
		{F4048D06-B68D-4E9A-86CB-A82CCEF97EBE}.Debug|Any CPU.ActiveCfg = Debug|Any CPU
		{F4048D06-B68D-4E9A-86CB-A82CCEF97EBE}.Debug|Any CPU.Build.0 = Debug|Any CPU
		{F4048D06-B68D-4E9A-86CB-A82CCEF97EBE}.Release|Any CPU.ActiveCfg = Release|Any CPU
		{F4048D06-B68D-4E9A-86CB-A82CCEF97EBE}.Release|Any CPU.Build.0 = Release|Any CPU
		{65F32562-E0B5-4D10-8F5E-D190F713BE19}.Debug|Any CPU.ActiveCfg = Debug|Any CPU
		{65F32562-E0B5-4D10-8F5E-D190F713BE19}.Debug|Any CPU.Build.0 = Debug|Any CPU
		{65F32562-E0B5-4D10-8F5E-D190F713BE19}.Release|Any CPU.ActiveCfg = Release|Any CPU
		{65F32562-E0B5-4D10-8F5E-D190F713BE19}.Release|Any CPU.Build.0 = Release|Any CPU
		{A1258F78-4417-4A45-BDCF-32990FFE0411}.Debug|Any CPU.ActiveCfg = Debug|Any CPU
		{A1258F78-4417-4A45-BDCF-32990FFE0411}.Debug|Any CPU.Build.0 = Debug|Any CPU
		{A1258F78-4417-4A45-BDCF-32990FFE0411}.Release|Any CPU.ActiveCfg = Release|Any CPU
		{A1258F78-4417-4A45-BDCF-32990FFE0411}.Release|Any CPU.Build.0 = Release|Any CPU
	EndGlobalSection
	GlobalSection(SolutionProperties) = preSolution
		HideSolutionNode = FALSE
	EndGlobalSection
	GlobalSection(ExtensibilityGlobals) = postSolution
		SolutionGuid = {486147DE-2879-474D-BC45-FF5DC05BA60C}
	EndGlobalSection
EndGlobal
